
Microsoft Visual Studio Solution File, Format Version 12.00
# Visual Studio Version 17
VisualStudioVersion = 17.4.33205.214
MinimumVisualStudioVersion = 10.0.40219.1
Project("{FAE04EC0-301F-11D3-BF4B-00C04F79EFBC}") = "1DemoPartialClass", "1DemoPartialClass\1DemoPartialClass.csproj", "{1759A785-76CE-49F4-A5F0-713225F56823}"
EndProject
Global
	GlobalSection(SolutionConfigurationPlatforms) = preSolution
		Debug|Any CPU = Debug|Any CPU
		Release|Any CPU = Release|Any CPU
	EndGlobalSection
	GlobalSection(ProjectConfigurationPlatforms) = postSolution
		{1759A785-76CE-49F4-A5F0-713225F56823}.Debug|Any CPU.ActiveCfg = Debug|Any CPU
		{1759A785-76CE-49F4-A5F0-713225F56823}.Debug|Any CPU.Build.0 = Debug|Any CPU
		{1759A785-76CE-49F4-A5F0-713225F56823}.Release|Any CPU.ActiveCfg = Release|Any CPU
		{1759A785-76CE-49F4-A5F0-713225F56823}.Release|Any CPU.Build.0 = Release|Any CPU
	EndGlobalSection
	GlobalSection(SolutionProperties) = preSolution
		HideSolutionNode = FALSE
	EndGlobalSection
	GlobalSection(ExtensibilityGlobals) = postSolution
		SolutionGuid = {AC4C5613-A16B-4124-893B-B9A19996E498}
	EndGlobalSection
EndGlobal
