
Microsoft Visual Studio Solution File, Format Version 12.00
# Visual Studio Version 17
VisualStudioVersion = 17.4.33205.214
MinimumVisualStudioVersion = 10.0.40219.1
Project("{FAE04EC0-301F-11D3-BF4B-00C04F79EFBC}") = "0Demo", "0Demo\0Demo.csproj", "{132A2E8E-2F13-4996-B30F-BA6B9E95F5CE}"
EndProject
Project("{FAE04EC0-301F-11D3-BF4B-00C04F79EFBC}") = "1Demo", "1Demo\1Demo.csproj", "{DA8C3CCA-A181-4248-B575-BC9E1063AA9B}"
EndProject
Project("{FAE04EC0-301F-11D3-BF4B-00C04F79EFBC}") = "2Demo", "2Demo\2Demo.csproj", "{3755252C-D054-4543-BCCA-2CDC3532EC2E}"
EndProject
Project("{FAE04EC0-301F-11D3-BF4B-00C04F79EFBC}") = "3Demo", "3Demo\3Demo.csproj", "{F2D52C24-0F81-4307-8941-78CEA33D6E88}"
EndProject
Global
	GlobalSection(SolutionConfigurationPlatforms) = preSolution
		Debug|Any CPU = Debug|Any CPU
		Release|Any CPU = Release|Any CPU
	EndGlobalSection
	GlobalSection(ProjectConfigurationPlatforms) = postSolution
		{132A2E8E-2F13-4996-B30F-BA6B9E95F5CE}.Debug|Any CPU.ActiveCfg = Debug|Any CPU
		{132A2E8E-2F13-4996-B30F-BA6B9E95F5CE}.Debug|Any CPU.Build.0 = Debug|Any CPU
		{132A2E8E-2F13-4996-B30F-BA6B9E95F5CE}.Release|Any CPU.ActiveCfg = Release|Any CPU
		{132A2E8E-2F13-4996-B30F-BA6B9E95F5CE}.Release|Any CPU.Build.0 = Release|Any CPU
		{DA8C3CCA-A181-4248-B575-BC9E1063AA9B}.Debug|Any CPU.ActiveCfg = Debug|Any CPU
		{DA8C3CCA-A181-4248-B575-BC9E1063AA9B}.Debug|Any CPU.Build.0 = Debug|Any CPU
		{DA8C3CCA-A181-4248-B575-BC9E1063AA9B}.Release|Any CPU.ActiveCfg = Release|Any CPU
		{DA8C3CCA-A181-4248-B575-BC9E1063AA9B}.Release|Any CPU.Build.0 = Release|Any CPU
		{3755252C-D054-4543-BCCA-2CDC3532EC2E}.Debug|Any CPU.ActiveCfg = Debug|Any CPU
		{3755252C-D054-4543-BCCA-2CDC3532EC2E}.Debug|Any CPU.Build.0 = Debug|Any CPU
		{3755252C-D054-4543-BCCA-2CDC3532EC2E}.Release|Any CPU.ActiveCfg = Release|Any CPU
		{3755252C-D054-4543-BCCA-2CDC3532EC2E}.Release|Any CPU.Build.0 = Release|Any CPU
		{F2D52C24-0F81-4307-8941-78CEA33D6E88}.Debug|Any CPU.ActiveCfg = Debug|Any CPU
		{F2D52C24-0F81-4307-8941-78CEA33D6E88}.Debug|Any CPU.Build.0 = Debug|Any CPU
		{F2D52C24-0F81-4307-8941-78CEA33D6E88}.Release|Any CPU.ActiveCfg = Release|Any CPU
		{F2D52C24-0F81-4307-8941-78CEA33D6E88}.Release|Any CPU.Build.0 = Release|Any CPU
	EndGlobalSection
	GlobalSection(SolutionProperties) = preSolution
		HideSolutionNode = FALSE
	EndGlobalSection
	GlobalSection(ExtensibilityGlobals) = postSolution
		SolutionGuid = {B59D30E7-CF05-468A-91B3-1D496DB83311}
	EndGlobalSection
EndGlobal
